
Microsoft Visual Studio Solution File, Format Version 12.00
# Visual Studio Version 16
VisualStudioVersion = 16.0.31702.278
MinimumVisualStudioVersion = 10.0.40219.1
Project("{FAE04EC0-301F-11D3-BF4B-00C04F79EFBC}") = "employee_information", "employee_information\employee_information.csproj", "{BA44210B-A49A-4BA0-80EE-1AB30BB7B1AF}"
EndProject
Global
	GlobalSection(SolutionConfigurationPlatforms) = preSolution
		Debug|Any CPU = Debug|Any CPU
		Release|Any CPU = Release|Any CPU
	EndGlobalSection
	GlobalSection(ProjectConfigurationPlatforms) = postSolution
		{BA44210B-A49A-4BA0-80EE-1AB30BB7B1AF}.Debug|Any CPU.ActiveCfg = Debug|Any CPU
		{BA44210B-A49A-4BA0-80EE-1AB30BB7B1AF}.Debug|Any CPU.Build.0 = Debug|Any CPU
		{BA44210B-A49A-4BA0-80EE-1AB30BB7B1AF}.Release|Any CPU.ActiveCfg = Release|Any CPU
		{BA44210B-A49A-4BA0-80EE-1AB30BB7B1AF}.Release|Any CPU.Build.0 = Release|Any CPU
	EndGlobalSection
	GlobalSection(SolutionProperties) = preSolution
		HideSolutionNode = FALSE
	EndGlobalSection
	GlobalSection(ExtensibilityGlobals) = postSolution
		SolutionGuid = {B39898A5-B32A-40C6-82C8-BFFF6763A30E}
	EndGlobalSection
EndGlobal
